{
  "name": "@jedmud/tui-timer-element",
  "version": "0.0.1",
  "lockfileVersion": 2,
  "requires": true,
  "packages": {
    "": {
      "name": "@jedmud/tui-timer-element",
      "version": "0.0.1",
      "license": "MIT",
      "dependencies": {
        "@jedmud/tui-elements": "^0.0.1",
        "colors": "^1.4.0",
        "countdown": "^2.6.0",
        "pad": "^3.2.0"
      }
    },
    "node_modules/@jedmud/ansiwrap": {
      "version": "0.0.1",
      "resolved": "https://registry.npmjs.org/@jedmud/ansiwrap/-/ansiwrap-0.0.1.tgz",
      "integrity": "sha512-yxYzbfeil49iXittRUmVIGttN4Qnf9maZUnzBLTKda1q09QnS+Pz0EGkW/Z0CV+ECsn73nzZ1v8gmY5+MU62JQ=="
    },
    "node_modules/@jedmud/tui-elements": {
      "version": "0.0.1",
      "resolved": "https://registry.npmjs.org/@jedmud/tui-elements/-/tui-elements-0.0.1.tgz",
      "integrity": "sha512-DdULFsH6ZJkkEZEfZtFexX3a9kq3xWmtIUBZkGyufttJ+fvjCPVYwlC4ZKQhycB7UIXs3gsN5Gi/JauZV49DGQ==",
      "dependencies": {
        "@jedmud/ansiwrap": "^0.0.1",
        "ansi-escapes": "^4.0.0",
        "deepmerge": "^4.2.2"
      }
    },
    "node_modules/ansi-escapes": {
      "version": "4.3.2",
      "resolved": "https://registry.npmjs.org/ansi-escapes/-/ansi-escapes-4.3.2.tgz",
      "integrity": "sha512-gKXj5ALrKWQLsYG9jlTRmR/xKluxHV+Z9QEwNIgCfM1/uwPMCuzVVnh5mwTd+OuBZcwSIMbqssNWRm1lE51QaQ==",
      "dependencies": {
        "type-fest": "^0.21.3"
      },
      "engines": {
        "node": ">=8"
      },
      "funding": {
        "url": "https://github.com/sponsors/sindresorhus"
      }
    },
    "node_modules/clone": {
      "version": "1.0.4",
      "resolved": "https://registry.npmjs.org/clone/-/clone-1.0.4.tgz",
      "integrity": "sha512-JQHZ2QMW6l3aH/j6xCqQThY/9OH4D/9ls34cgkUBiEeocRTU04tHfKPBsUK1PqZCUQM7GiA0IIXJSuXHI64Kbg==",
      "engines": {
        "node": ">=0.8"
      }
    },
    "node_modules/colors": {
      "version": "1.4.0",
      "resolved": "https://registry.npmjs.org/colors/-/colors-1.4.0.tgz",
      "integrity": "sha512-a+UqTh4kgZg/SlGvfbzDHpgRu7AAQOmmqRHJnxhRZICKFUT91brVhNNt58CMWU9PsBbv3PDCZUHbVxuDiH2mtA==",
      "engines": {
        "node": ">=0.1.90"
      }
    },
    "node_modules/countdown": {
      "version": "2.6.0",
      "resolved": "https://registry.npmjs.org/countdown/-/countdown-2.6.0.tgz",
      "integrity": "sha512-96C3ntj6/Q0KiikjRxDTrnw09VHI1x930gDTxBnTN8spEjySAT4ftvPXbM22Wn1pp5X0HvZ9uw6DOIf2d8g7rg=="
    },
    "node_modules/deepmerge": {
      "version": "4.2.2",
      "resolved": "https://registry.npmjs.org/deepmerge/-/deepmerge-4.2.2.tgz",
      "integrity": "sha512-FJ3UgI4gIl+PHZm53knsuSFpE+nESMr7M4v9QcgB7S63Kj/6WqMiFQJpBBYz1Pt+66bZpP3Q7Lye0Oo9MPKEdg==",
      "engines": {
        "node": ">=0.10.0"
      }
    },
    "node_modules/defaults": {
      "version": "1.0.3",
      "resolved": "https://registry.npmjs.org/defaults/-/defaults-1.0.3.tgz",
      "integrity": "sha512-s82itHOnYrN0Ib8r+z7laQz3sdE+4FP3d9Q7VLO7U+KRT+CR0GsWuyHxzdAY82I7cXv0G/twrqomTJLOssO5HA==",
      "dependencies": {
        "clone": "^1.0.2"
      }
    },
    "node_modules/pad": {
      "version": "3.2.0",
      "resolved": "https://registry.npmjs.org/pad/-/pad-3.2.0.tgz",
      "integrity": "sha512-2u0TrjcGbOjBTJpyewEl4hBO3OeX5wWue7eIFPzQTg6wFSvoaHcBTTUY5m+n0hd04gmTCPuY0kCpVIVuw5etwg==",
      "dependencies": {
        "wcwidth": "^1.0.1"
      },
      "engines": {
        "node": ">= 4.0.0"
      }
    },
    "node_modules/type-fest": {
      "version": "0.21.3",
      "resolved": "https://registry.npmjs.org/type-fest/-/type-fest-0.21.3.tgz",
      "integrity": "sha512-t0rzBq87m3fVcduHDUFhKmyyX+9eo6WQjZvf51Ea/M0Q7+T374Jp1aUiyUl0GKxp8M/OETVHSDvmkyPgvX+X2w==",
      "engines": {
        "node": ">=10"
      },
      "funding": {
        "url": "https://github.com/sponsors/sindresorhus"
      }
    },
    "node_modules/wcwidth": {
      "version": "1.0.1",
      "resolved": "https://registry.npmjs.org/wcwidth/-/wcwidth-1.0.1.tgz",
      "integrity": "sha512-XHPEwS0q6TaxcvG85+8EYkbiCux2XtWG2mkc47Ng2A77BQu9+DqIOJldST4HgPkuea7dvKSj5VgX3P1d4rW8Tg==",
      "dependencies": {
        "defaults": "^1.0.3"
      }
    }
  },
  "dependencies": {
    "@jedmud/ansiwrap": {
      "version": "0.0.1",
      "resolved": "https://registry.npmjs.org/@jedmud/ansiwrap/-/ansiwrap-0.0.1.tgz",
      "integrity": "sha512-yxYzbfeil49iXittRUmVIGttN4Qnf9maZUnzBLTKda1q09QnS+Pz0EGkW/Z0CV+ECsn73nzZ1v8gmY5+MU62JQ=="
    },
    "@jedmud/tui-elements": {
      "version": "0.0.1",
      "resolved": "https://registry.npmjs.org/@jedmud/tui-elements/-/tui-elements-0.0.1.tgz",
      "integrity": "sha512-DdULFsH6ZJkkEZEfZtFexX3a9kq3xWmtIUBZkGyufttJ+fvjCPVYwlC4ZKQhycB7UIXs3gsN5Gi/JauZV49DGQ==",
      "requires": {
        "@jedmud/ansiwrap": "^0.0.1",
        "ansi-escapes": "^4.0.0",
        "deepmerge": "^4.2.2"
      }
    },
    "ansi-escapes": {
      "version": "4.3.2",
      "resolved": "https://registry.npmjs.org/ansi-escapes/-/ansi-escapes-4.3.2.tgz",
      "integrity": "sha512-gKXj5ALrKWQLsYG9jlTRmR/xKluxHV+Z9QEwNIgCfM1/uwPMCuzVVnh5mwTd+OuBZcwSIMbqssNWRm1lE51QaQ==",
      "requires": {
        "type-fest": "^0.21.3"
      }
    },
    "clone": {
      "version": "1.0.4",
      "resolved": "https://registry.npmjs.org/clone/-/clone-1.0.4.tgz",
      "integrity": "sha512-JQHZ2QMW6l3aH/j6xCqQThY/9OH4D/9ls34cgkUBiEeocRTU04tHfKPBsUK1PqZCUQM7GiA0IIXJSuXHI64Kbg=="
    },
    "colors": {
      "version": "1.4.0",
      "resolved": "https://registry.npmjs.org/colors/-/colors-1.4.0.tgz",
      "integrity": "sha512-a+UqTh4kgZg/SlGvfbzDHpgRu7AAQOmmqRHJnxhRZICKFUT91brVhNNt58CMWU9PsBbv3PDCZUHbVxuDiH2mtA=="
    },
    "countdown": {
      "version": "2.6.0",
      "resolved": "https://registry.npmjs.org/countdown/-/countdown-2.6.0.tgz",
      "integrity": "sha512-96C3ntj6/Q0KiikjRxDTrnw09VHI1x930gDTxBnTN8spEjySAT4ftvPXbM22Wn1pp5X0HvZ9uw6DOIf2d8g7rg=="
    },
    "deepmerge": {
      "version": "4.2.2",
      "resolved": "https://registry.npmjs.org/deepmerge/-/deepmerge-4.2.2.tgz",
      "integrity": "sha512-FJ3UgI4gIl+PHZm53knsuSFpE+nESMr7M4v9QcgB7S63Kj/6WqMiFQJpBBYz1Pt+66bZpP3Q7Lye0Oo9MPKEdg=="
    },
    "defaults": {
      "version": "1.0.3",
      "resolved": "https://registry.npmjs.org/defaults/-/defaults-1.0.3.tgz",
      "integrity": "sha512-s82itHOnYrN0Ib8r+z7laQz3sdE+4FP3d9Q7VLO7U+KRT+CR0GsWuyHxzdAY82I7cXv0G/twrqomTJLOssO5HA==",
      "requires": {
        "clone": "^1.0.2"
      }
    },
    "pad": {
      "version": "3.2.0",
      "resolved": "https://registry.npmjs.org/pad/-/pad-3.2.0.tgz",
      "integrity": "sha512-2u0TrjcGbOjBTJpyewEl4hBO3OeX5wWue7eIFPzQTg6wFSvoaHcBTTUY5m+n0hd04gmTCPuY0kCpVIVuw5etwg==",
      "requires": {
        "wcwidth": "^1.0.1"
      }
    },
    "type-fest": {
      "version": "0.21.3",
      "resolved": "https://registry.npmjs.org/type-fest/-/type-fest-0.21.3.tgz",
      "integrity": "sha512-t0rzBq87m3fVcduHDUFhKmyyX+9eo6WQjZvf51Ea/M0Q7+T374Jp1aUiyUl0GKxp8M/OETVHSDvmkyPgvX+X2w=="
    },
    "wcwidth": {
      "version": "1.0.1",
      "resolved": "https://registry.npmjs.org/wcwidth/-/wcwidth-1.0.1.tgz",
      "integrity": "sha512-XHPEwS0q6TaxcvG85+8EYkbiCux2XtWG2mkc47Ng2A77BQu9+DqIOJldST4HgPkuea7dvKSj5VgX3P1d4rW8Tg==",
      "requires": {
        "defaults": "^1.0.3"
      }
    }
  }
}
